// !$*UTF8*$!
{
	archiveVersion = 1;
	classes = {
	};
	objectVersion = 51;
	objects = {

/* Begin PBXBuildFile section */
		92704E3B243EBF880005AA0A /* Slide.swift in Sources */ = {isa = PBXBuildFile; fileRef = 92704E3A243EBF880005AA0A /* Slide.swift */; };
		92704E3D243EBFB20005AA0A /* Slide.xib in Resources */ = {isa = PBXBuildFile; fileRef = 92704E3C243EBFB20005AA0A /* Slide.xib */; };
		92AAE96424388B7C00EC0611 /* AppDelegate.swift in Sources */ = {isa = PBXBuildFile; fileRef = 92AAE96324388B7C00EC0611 /* AppDelegate.swift */; };
		92AAE96624388B7C00EC0611 /* SceneDelegate.swift in Sources */ = {isa = PBXBuildFile; fileRef = 92AAE96524388B7C00EC0611 /* SceneDelegate.swift */; };
		92AAE96824388B7C00EC0611 /* ViewController.swift in Sources */ = {isa = PBXBuildFile; fileRef = 92AAE96724388B7C00EC0611 /* ViewController.swift */; };
		92AAE96B24388B7C00EC0611 /* Main.storyboard in Resources */ = {isa = PBXBuildFile; fileRef = 92AAE96924388B7C00EC0611 /* Main.storyboard */; };
		92AAE96D24388B7E00EC0611 /* Assets.xcassets in Resources */ = {isa = PBXBuildFile; fileRef = 92AAE96C24388B7E00EC0611 /* Assets.xcassets */; };
		92AAE97024388B7E00EC0611 /* LaunchScreen.storyboard in Resources */ = {isa = PBXBuildFile; fileRef = 92AAE96E24388B7E00EC0611 /* LaunchScreen.storyboard */; };
		92AAE97824388D6600EC0611 /* HomeViewController.swift in Sources */ = {isa = PBXBuildFile; fileRef = 92AAE97724388D6600EC0611 /* HomeViewController.swift */; };
		92AAE97A243898B700EC0611 /* ProfileView.swift in Sources */ = {isa = PBXBuildFile; fileRef = 92AAE979243898B700EC0611 /* ProfileView.swift */; };
		92AAE97E24389A2200EC0611 /* AchievementModal.swift in Sources */ = {isa = PBXBuildFile; fileRef = 92AAE97D24389A2200EC0611 /* AchievementModal.swift */; };
		B7ACABA0243D7D820094ECB1 /* reward.json in Resources */ = {isa = PBXBuildFile; fileRef = B7ACAB9F243D7D810094ECB1 /* reward.json */; };
		C2A72A03243D73A700892591 /* YourVideos.swift in Sources */ = {isa = PBXBuildFile; fileRef = C2A72A02243D73A700892591 /* YourVideos.swift */; };
		D717235F243EBDCA00BEDCE0 /* VideoTableViewCell.swift in Sources */ = {isa = PBXBuildFile; fileRef = D717235E243EBDCA00BEDCE0 /* VideoTableViewCell.swift */; };
		D7172361243EC0A400BEDCE0 /* VideoView.swift in Sources */ = {isa = PBXBuildFile; fileRef = D7172360243EC0A400BEDCE0 /* VideoView.swift */; };
		D7172366243F12C600BEDCE0 /* IMG_0447.MOV in Resources */ = {isa = PBXBuildFile; fileRef = D7172365243F12C600BEDCE0 /* IMG_0447.MOV */; };
		D718B5D5243C26CD00F29481 /* Challenge.swift in Sources */ = {isa = PBXBuildFile; fileRef = D718B5D4243C26CD00F29481 /* Challenge.swift */; };
		D718B5D9243C390300F29481 /* .gitignore in Resources */ = {isa = PBXBuildFile; fileRef = D718B5D8243C390300F29481 /* .gitignore */; };
		D72DF0012439FADE00ECA0DB /* ChallengeInfoViewController.swift in Sources */ = {isa = PBXBuildFile; fileRef = D72DF0002439FADE00ECA0DB /* ChallengeInfoViewController.swift */; };
		D7C7A887243D7EA700E154FD /* ChallengeTableViewCell.swift in Sources */ = {isa = PBXBuildFile; fileRef = D7C7A886243D7EA700E154FD /* ChallengeTableViewCell.swift */; };
		D7C7A8BF243DDB8000E154FD /* 7DaysChallenge.xcdatamodeld in Sources */ = {isa = PBXBuildFile; fileRef = D7C7A8BD243DDB8000E154FD /* 7DaysChallenge.xcdatamodeld */; };
		EB802424F9C89C415EA801EB /* Pods_7_Days_Challenge.framework in Frameworks */ = {isa = PBXBuildFile; fileRef = 86065F57921B3B8133640674 /* Pods_7_Days_Challenge.framework */; };
/* End PBXBuildFile section */

/* Begin PBXFileReference section */
		1900C48DB9C1BE58437AAD2A /* Pods-7 Days Challenge.release.xcconfig */ = {isa = PBXFileReference; includeInIndex = 1; lastKnownFileType = text.xcconfig; name = "Pods-7 Days Challenge.release.xcconfig"; path = "Target Support Files/Pods-7 Days Challenge/Pods-7 Days Challenge.release.xcconfig"; sourceTree = "<group>"; };
		5D0A0E39970A5A0049AAAA5F /* Pods-7 Days Challenge.debug.xcconfig */ = {isa = PBXFileReference; includeInIndex = 1; lastKnownFileType = text.xcconfig; name = "Pods-7 Days Challenge.debug.xcconfig"; path = "Target Support Files/Pods-7 Days Challenge/Pods-7 Days Challenge.debug.xcconfig"; sourceTree = "<group>"; };
		86065F57921B3B8133640674 /* Pods_7_Days_Challenge.framework */ = {isa = PBXFileReference; explicitFileType = wrapper.framework; includeInIndex = 0; path = Pods_7_Days_Challenge.framework; sourceTree = BUILT_PRODUCTS_DIR; };
		92704E3A243EBF880005AA0A /* Slide.swift */ = {isa = PBXFileReference; lastKnownFileType = sourcecode.swift; name = Slide.swift; path = "7 Days Challenge/Model/Slide.swift"; sourceTree = SOURCE_ROOT; };
		92704E3C243EBFB20005AA0A /* Slide.xib */ = {isa = PBXFileReference; lastKnownFileType = file.xib; path = Slide.xib; sourceTree = "<group>"; };
		92AAE96024388B7C00EC0611 /* 7 Days Challenge.app */ = {isa = PBXFileReference; explicitFileType = wrapper.application; includeInIndex = 0; path = "7 Days Challenge.app"; sourceTree = BUILT_PRODUCTS_DIR; };
		92AAE96324388B7C00EC0611 /* AppDelegate.swift */ = {isa = PBXFileReference; lastKnownFileType = sourcecode.swift; path = AppDelegate.swift; sourceTree = "<group>"; };
		92AAE96524388B7C00EC0611 /* SceneDelegate.swift */ = {isa = PBXFileReference; lastKnownFileType = sourcecode.swift; path = SceneDelegate.swift; sourceTree = "<group>"; };
		92AAE96724388B7C00EC0611 /* ViewController.swift */ = {isa = PBXFileReference; lastKnownFileType = sourcecode.swift; path = ViewController.swift; sourceTree = "<group>"; };
		92AAE96A24388B7C00EC0611 /* Base */ = {isa = PBXFileReference; lastKnownFileType = file.storyboard; name = Base; path = Base.lproj/Main.storyboard; sourceTree = "<group>"; };
		92AAE96C24388B7E00EC0611 /* Assets.xcassets */ = {isa = PBXFileReference; lastKnownFileType = folder.assetcatalog; path = Assets.xcassets; sourceTree = "<group>"; };
		92AAE96F24388B7E00EC0611 /* Base */ = {isa = PBXFileReference; lastKnownFileType = file.storyboard; name = Base; path = Base.lproj/LaunchScreen.storyboard; sourceTree = "<group>"; };
		92AAE97124388B7E00EC0611 /* Info.plist */ = {isa = PBXFileReference; lastKnownFileType = text.plist.xml; path = Info.plist; sourceTree = "<group>"; };
		92AAE97724388D6600EC0611 /* HomeViewController.swift */ = {isa = PBXFileReference; lastKnownFileType = sourcecode.swift; path = HomeViewController.swift; sourceTree = "<group>"; };
		92AAE979243898B700EC0611 /* ProfileView.swift */ = {isa = PBXFileReference; lastKnownFileType = sourcecode.swift; path = ProfileView.swift; sourceTree = "<group>"; };
		92AAE97D24389A2200EC0611 /* AchievementModal.swift */ = {isa = PBXFileReference; lastKnownFileType = sourcecode.swift; path = AchievementModal.swift; sourceTree = "<group>"; };
		B7ACAB9F243D7D810094ECB1 /* reward.json */ = {isa = PBXFileReference; fileEncoding = 4; lastKnownFileType = text.json; name = reward.json; path = "7 Days Challenge/LottieAnimation/reward.json"; sourceTree = SOURCE_ROOT; };
		C2A72A02243D73A700892591 /* YourVideos.swift */ = {isa = PBXFileReference; lastKnownFileType = sourcecode.swift; path = YourVideos.swift; sourceTree = "<group>"; };
		D717235E243EBDCA00BEDCE0 /* VideoTableViewCell.swift */ = {isa = PBXFileReference; lastKnownFileType = sourcecode.swift; path = VideoTableViewCell.swift; sourceTree = "<group>"; };
		D7172360243EC0A400BEDCE0 /* VideoView.swift */ = {isa = PBXFileReference; lastKnownFileType = sourcecode.swift; path = VideoView.swift; sourceTree = "<group>"; };
		D7172365243F12C600BEDCE0 /* IMG_0447.MOV */ = {isa = PBXFileReference; lastKnownFileType = video.quicktime; path = IMG_0447.MOV; sourceTree = "<group>"; };
		D718B5D4243C26CD00F29481 /* Challenge.swift */ = {isa = PBXFileReference; lastKnownFileType = sourcecode.swift; path = Challenge.swift; sourceTree = "<group>"; };
		D718B5D8243C390300F29481 /* .gitignore */ = {isa = PBXFileReference; lastKnownFileType = text; path = .gitignore; sourceTree = "<group>"; };
		D72DF0002439FADE00ECA0DB /* ChallengeInfoViewController.swift */ = {isa = PBXFileReference; lastKnownFileType = sourcecode.swift; path = ChallengeInfoViewController.swift; sourceTree = "<group>"; };
		D7C7A886243D7EA700E154FD /* ChallengeTableViewCell.swift */ = {isa = PBXFileReference; lastKnownFileType = sourcecode.swift; path = ChallengeTableViewCell.swift; sourceTree = "<group>"; };
		D7C7A8BE243DDB8000E154FD /* 7DaysChallenge.xcdatamodel */ = {isa = PBXFileReference; lastKnownFileType = wrapper.xcdatamodel; path = 7DaysChallenge.xcdatamodel; sourceTree = "<group>"; };
/* End PBXFileReference section */

/* Begin PBXFrameworksBuildPhase section */
		92AAE95D24388B7C00EC0611 /* Frameworks */ = {
			isa = PBXFrameworksBuildPhase;
			buildActionMask = 2147483647;
			files = (
				EB802424F9C89C415EA801EB /* Pods_7_Days_Challenge.framework in Frameworks */,
			);
			runOnlyForDeploymentPostprocessing = 0;
		};
/* End PBXFrameworksBuildPhase section */

/* Begin PBXGroup section */
		2130B9249BF2614B55B81268 /* Pods */ = {
			isa = PBXGroup;
			children = (
				5D0A0E39970A5A0049AAAA5F /* Pods-7 Days Challenge.debug.xcconfig */,
				1900C48DB9C1BE58437AAD2A /* Pods-7 Days Challenge.release.xcconfig */,
			);
			path = Pods;
			sourceTree = "<group>";
		};
		92AAE95724388B7C00EC0611 = {
			isa = PBXGroup;
			children = (
				D7172365243F12C600BEDCE0 /* IMG_0447.MOV */,
				D718B5D8243C390300F29481 /* .gitignore */,
				92AAE96224388B7C00EC0611 /* 7 Days Challenge */,
				92AAE96124388B7C00EC0611 /* Products */,
				2130B9249BF2614B55B81268 /* Pods */,
				ACF678BC49A8D7FD10D46FE0 /* Frameworks */,
			);
			sourceTree = "<group>";
		};
		92AAE96124388B7C00EC0611 /* Products */ = {
			isa = PBXGroup;
			children = (
				92AAE96024388B7C00EC0611 /* 7 Days Challenge.app */,
			);
			name = Products;
			sourceTree = "<group>";
		};
		92AAE96224388B7C00EC0611 /* 7 Days Challenge */ = {
			isa = PBXGroup;
			children = (
				D7C7A8BC243DD65100E154FD /* LottieAnimation */,
				D7C7A8B9243DD61E00E154FD /* Model */,
				D7C7A8BA243DD63B00E154FD /* View */,
				D7C7A8BB243DD64100E154FD /* Controller */,
				92AAE96324388B7C00EC0611 /* AppDelegate.swift */,
				92AAE96524388B7C00EC0611 /* SceneDelegate.swift */,
				92AAE96C24388B7E00EC0611 /* Assets.xcassets */,
				92AAE96E24388B7E00EC0611 /* LaunchScreen.storyboard */,
				92AAE97124388B7E00EC0611 /* Info.plist */,
			);
			path = "7 Days Challenge";
			sourceTree = "<group>";
		};
		ACF678BC49A8D7FD10D46FE0 /* Frameworks */ = {
			isa = PBXGroup;
			children = (
				86065F57921B3B8133640674 /* Pods_7_Days_Challenge.framework */,
			);
			name = Frameworks;
			sourceTree = "<group>";
		};
		D7C7A8B9243DD61E00E154FD /* Model */ = {
			isa = PBXGroup;
			children = (
				D718B5D4243C26CD00F29481 /* Challenge.swift */,
				92704E3A243EBF880005AA0A /* Slide.swift */,
				D7C7A8BD243DDB8000E154FD /* 7DaysChallenge.xcdatamodeld */,
			);
			path = Model;
			sourceTree = "<group>";
		};
		D7C7A8BA243DD63B00E154FD /* View */ = {
			isa = PBXGroup;
			children = (
				92AAE96924388B7C00EC0611 /* Main.storyboard */,
				92704E3C243EBFB20005AA0A /* Slide.xib */,
			);
			path = View;
			sourceTree = "<group>";
		};
		D7C7A8BB243DD64100E154FD /* Controller */ = {
			isa = PBXGroup;
			children = (
				92AAE96724388B7C00EC0611 /* ViewController.swift */,
				92AAE97724388D6600EC0611 /* HomeViewController.swift */,
				D72DF0002439FADE00ECA0DB /* ChallengeInfoViewController.swift */,
				92AAE979243898B700EC0611 /* ProfileView.swift */,
				92AAE97D24389A2200EC0611 /* AchievementModal.swift */,
				C2A72A02243D73A700892591 /* YourVideos.swift */,
				D7C7A886243D7EA700E154FD /* ChallengeTableViewCell.swift */,
				D717235E243EBDCA00BEDCE0 /* VideoTableViewCell.swift */,
				D7172360243EC0A400BEDCE0 /* VideoView.swift */,
			);
			path = Controller;
			sourceTree = "<group>";
		};
		D7C7A8BC243DD65100E154FD /* LottieAnimation */ = {
			isa = PBXGroup;
			children = (
				B7ACAB9F243D7D810094ECB1 /* reward.json */,
			);
			path = LottieAnimation;
			sourceTree = "<group>";
		};
/* End PBXGroup section */

/* Begin PBXNativeTarget section */
		92AAE95F24388B7C00EC0611 /* 7 Days Challenge */ = {
			isa = PBXNativeTarget;
			buildConfigurationList = 92AAE97424388B7E00EC0611 /* Build configuration list for PBXNativeTarget "7 Days Challenge" */;
			buildPhases = (
				83867161E9C7B9F8A8557171 /* [CP] Check Pods Manifest.lock */,
				92AAE95C24388B7C00EC0611 /* Sources */,
				92AAE95D24388B7C00EC0611 /* Frameworks */,
				92AAE95E24388B7C00EC0611 /* Resources */,
				AA458BDC31D04FE077C319F3 /* [CP] Embed Pods Frameworks */,
			);
			buildRules = (
			);
			dependencies = (
			);
			name = "7 Days Challenge";
			packageProductDependencies = (
			);
			productName = "7 Days Challenge";
			productReference = 92AAE96024388B7C00EC0611 /* 7 Days Challenge.app */;
			productType = "com.apple.product-type.application";
		};
/* End PBXNativeTarget section */

/* Begin PBXProject section */
		92AAE95824388B7C00EC0611 /* Project object */ = {
			isa = PBXProject;
			attributes = {
				LastSwiftUpdateCheck = 1140;
				LastUpgradeCheck = 1140;
				ORGANIZATIONNAME = "Mini Challenge 1 - G19";
				TargetAttributes = {
					92AAE95F24388B7C00EC0611 = {
						CreatedOnToolsVersion = 11.4;
					};
				};
			};
			buildConfigurationList = 92AAE95B24388B7C00EC0611 /* Build configuration list for PBXProject "7 Days Challenge" */;
			compatibilityVersion = "Xcode 9.3";
			developmentRegion = en;
			hasScannedForEncodings = 0;
			knownRegions = (
				en,
				Base,
			);
			mainGroup = 92AAE95724388B7C00EC0611;
			packageReferences = (
			);
			productRefGroup = 92AAE96124388B7C00EC0611 /* Products */;
			projectDirPath = "";
			projectRoot = "";
			targets = (
				92AAE95F24388B7C00EC0611 /* 7 Days Challenge */,
			);
		};
/* End PBXProject section */

/* Begin PBXResourcesBuildPhase section */
		92AAE95E24388B7C00EC0611 /* Resources */ = {
			isa = PBXResourcesBuildPhase;
			buildActionMask = 2147483647;
			files = (
				D718B5D9243C390300F29481 /* .gitignore in Resources */,
				92AAE97024388B7E00EC0611 /* LaunchScreen.storyboard in Resources */,
				92AAE96D24388B7E00EC0611 /* Assets.xcassets in Resources */,
				D7172366243F12C600BEDCE0 /* IMG_0447.MOV in Resources */,
				92AAE96B24388B7C00EC0611 /* Main.storyboard in Resources */,
				B7ACABA0243D7D820094ECB1 /* reward.json in Resources */,
				92704E3D243EBFB20005AA0A /* Slide.xib in Resources */,
			);
			runOnlyForDeploymentPostprocessing = 0;
		};
/* End PBXResourcesBuildPhase section */

/* Begin PBXShellScriptBuildPhase section */
		83867161E9C7B9F8A8557171 /* [CP] Check Pods Manifest.lock */ = {
			isa = PBXShellScriptBuildPhase;
			buildActionMask = 2147483647;
			files = (
			);
			inputFileListPaths = (
			);
			inputPaths = (
				"${PODS_PODFILE_DIR_PATH}/Podfile.lock",
				"${PODS_ROOT}/Manifest.lock",
			);
			name = "[CP] Check Pods Manifest.lock";
			outputFileListPaths = (
			);
			outputPaths = (
				"$(DERIVED_FILE_DIR)/Pods-7 Days Challenge-checkManifestLockResult.txt",
			);
			runOnlyForDeploymentPostprocessing = 0;
			shellPath = /bin/sh;
			shellScript = "diff \"${PODS_PODFILE_DIR_PATH}/Podfile.lock\" \"${PODS_ROOT}/Manifest.lock\" > /dev/null\nif [ $? != 0 ] ; then\n    # print error to STDERR\n    echo \"error: The sandbox is not in sync with the Podfile.lock. Run 'pod install' or update your CocoaPods installation.\" >&2\n    exit 1\nfi\n# This output is used by Xcode 'outputs' to avoid re-running this script phase.\necho \"SUCCESS\" > \"${SCRIPT_OUTPUT_FILE_0}\"\n";
			showEnvVarsInLog = 0;
		};
		AA458BDC31D04FE077C319F3 /* [CP] Embed Pods Frameworks */ = {
			isa = PBXShellScriptBuildPhase;
			buildActionMask = 2147483647;
			files = (
			);
			inputFileListPaths = (
				"${PODS_ROOT}/Target Support Files/Pods-7 Days Challenge/Pods-7 Days Challenge-frameworks-${CONFIGURATION}-input-files.xcfilelist",
			);
			name = "[CP] Embed Pods Frameworks";
			outputFileListPaths = (
				"${PODS_ROOT}/Target Support Files/Pods-7 Days Challenge/Pods-7 Days Challenge-frameworks-${CONFIGURATION}-output-files.xcfilelist",
			);
			runOnlyForDeploymentPostprocessing = 0;
			shellPath = /bin/sh;
			shellScript = "\"${PODS_ROOT}/Target Support Files/Pods-7 Days Challenge/Pods-7 Days Challenge-frameworks.sh\"\n";
			showEnvVarsInLog = 0;
		};
/* End PBXShellScriptBuildPhase section */

/* Begin PBXSourcesBuildPhase section */
		92AAE95C24388B7C00EC0611 /* Sources */ = {
			isa = PBXSourcesBuildPhase;
			buildActionMask = 2147483647;
			files = (
				92AAE97E24389A2200EC0611 /* AchievementModal.swift in Sources */,
				D717235F243EBDCA00BEDCE0 /* VideoTableViewCell.swift in Sources */,
				92AAE96824388B7C00EC0611 /* ViewController.swift in Sources */,
				C2A72A03243D73A700892591 /* YourVideos.swift in Sources */,
				92AAE96424388B7C00EC0611 /* AppDelegate.swift in Sources */,
				92AAE97A243898B700EC0611 /* ProfileView.swift in Sources */,
				92AAE96624388B7C00EC0611 /* SceneDelegate.swift in Sources */,
				D72DF0012439FADE00ECA0DB /* ChallengeInfoViewController.swift in Sources */,
				92704E3B243EBF880005AA0A /* Slide.swift in Sources */,
				D7C7A887243D7EA700E154FD /* ChallengeTableViewCell.swift in Sources */,
				92AAE97824388D6600EC0611 /* HomeViewController.swift in Sources */,
				D7C7A8BF243DDB8000E154FD /* 7DaysChallenge.xcdatamodeld in Sources */,
				D718B5D5243C26CD00F29481 /* Challenge.swift in Sources */,
				D7172361243EC0A400BEDCE0 /* VideoView.swift in Sources */,
			);
			runOnlyForDeploymentPostprocessing = 0;
		};
/* End PBXSourcesBuildPhase section */

/* Begin PBXVariantGroup section */
		92AAE96924388B7C00EC0611 /* Main.storyboard */ = {
			isa = PBXVariantGroup;
			children = (
				92AAE96A24388B7C00EC0611 /* Base */,
			);
			name = Main.storyboard;
			sourceTree = "<group>";
		};
		92AAE96E24388B7E00EC0611 /* LaunchScreen.storyboard */ = {
			isa = PBXVariantGroup;
			children = (
				92AAE96F24388B7E00EC0611 /* Base */,
			);
			name = LaunchScreen.storyboard;
			sourceTree = "<group>";
		};
/* End PBXVariantGroup section */

/* Begin XCBuildConfiguration section */
		92AAE97224388B7E00EC0611 /* Debug */ = {
			isa = XCBuildConfiguration;
			buildSettings = {
				ALWAYS_SEARCH_USER_PATHS = NO;
				CLANG_ANALYZER_NONNULL = YES;
				CLANG_ANALYZER_NUMBER_OBJECT_CONVERSION = YES_AGGRESSIVE;
				CLANG_CXX_LANGUAGE_STANDARD = "gnu++14";
				CLANG_CXX_LIBRARY = "libc++";
				CLANG_ENABLE_MODULES = YES;
				CLANG_ENABLE_OBJC_ARC = YES;
				CLANG_ENABLE_OBJC_WEAK = YES;
				CLANG_WARN_BLOCK_CAPTURE_AUTORELEASING = YES;
				CLANG_WARN_BOOL_CONVERSION = YES;
				CLANG_WARN_COMMA = YES;
				CLANG_WARN_CONSTANT_CONVERSION = YES;
				CLANG_WARN_DEPRECATED_OBJC_IMPLEMENTATIONS = YES;
				CLANG_WARN_DIRECT_OBJC_ISA_USAGE = YES_ERROR;
				CLANG_WARN_DOCUMENTATION_COMMENTS = YES;
				CLANG_WARN_EMPTY_BODY = YES;
				CLANG_WARN_ENUM_CONVERSION = YES;
				CLANG_WARN_INFINITE_RECURSION = YES;
				CLANG_WARN_INT_CONVERSION = YES;
				CLANG_WARN_NON_LITERAL_NULL_CONVERSION = YES;
				CLANG_WARN_OBJC_IMPLICIT_RETAIN_SELF = YES;
				CLANG_WARN_OBJC_LITERAL_CONVERSION = YES;
				CLANG_WARN_OBJC_ROOT_CLASS = YES_ERROR;
				CLANG_WARN_RANGE_LOOP_ANALYSIS = YES;
				CLANG_WARN_STRICT_PROTOTYPES = YES;
				CLANG_WARN_SUSPICIOUS_MOVE = YES;
				CLANG_WARN_UNGUARDED_AVAILABILITY = YES_AGGRESSIVE;
				CLANG_WARN_UNREACHABLE_CODE = YES;
				CLANG_WARN__DUPLICATE_METHOD_MATCH = YES;
				COPY_PHASE_STRIP = NO;
				DEBUG_INFORMATION_FORMAT = dwarf;
				ENABLE_STRICT_OBJC_MSGSEND = YES;
				ENABLE_TESTABILITY = YES;
				GCC_C_LANGUAGE_STANDARD = gnu11;
				GCC_DYNAMIC_NO_PIC = NO;
				GCC_NO_COMMON_BLOCKS = YES;
				GCC_OPTIMIZATION_LEVEL = 0;
				GCC_PREPROCESSOR_DEFINITIONS = (
					"DEBUG=1",
					"$(inherited)",
				);
				GCC_WARN_64_TO_32_BIT_CONVERSION = YES;
				GCC_WARN_ABOUT_RETURN_TYPE = YES_ERROR;
				GCC_WARN_UNDECLARED_SELECTOR = YES;
				GCC_WARN_UNINITIALIZED_AUTOS = YES_AGGRESSIVE;
				GCC_WARN_UNUSED_FUNCTION = YES;
				GCC_WARN_UNUSED_VARIABLE = YES;
				IPHONEOS_DEPLOYMENT_TARGET = 13.4;
				MTL_ENABLE_DEBUG_INFO = INCLUDE_SOURCE;
				MTL_FAST_MATH = YES;
				ONLY_ACTIVE_ARCH = YES;
				SDKROOT = iphoneos;
				SWIFT_ACTIVE_COMPILATION_CONDITIONS = DEBUG;
				SWIFT_OPTIMIZATION_LEVEL = "-Onone";
			};
			name = Debug;
		};
		92AAE97324388B7E00EC0611 /* Release */ = {
			isa = XCBuildConfiguration;
			buildSettings = {
				ALWAYS_SEARCH_USER_PATHS = NO;
				CLANG_ANALYZER_NONNULL = YES;
				CLANG_ANALYZER_NUMBER_OBJECT_CONVERSION = YES_AGGRESSIVE;
				CLANG_CXX_LANGUAGE_STANDARD = "gnu++14";
				CLANG_CXX_LIBRARY = "libc++";
				CLANG_ENABLE_MODULES = YES;
				CLANG_ENABLE_OBJC_ARC = YES;
				CLANG_ENABLE_OBJC_WEAK = YES;
				CLANG_WARN_BLOCK_CAPTURE_AUTORELEASING = YES;
				CLANG_WARN_BOOL_CONVERSION = YES;
				CLANG_WARN_COMMA = YES;
				CLANG_WARN_CONSTANT_CONVERSION = YES;
				CLANG_WARN_DEPRECATED_OBJC_IMPLEMENTATIONS = YES;
				CLANG_WARN_DIRECT_OBJC_ISA_USAGE = YES_ERROR;
				CLANG_WARN_DOCUMENTATION_COMMENTS = YES;
				CLANG_WARN_EMPTY_BODY = YES;
				CLANG_WARN_ENUM_CONVERSION = YES;
				CLANG_WARN_INFINITE_RECURSION = YES;
				CLANG_WARN_INT_CONVERSION = YES;
				CLANG_WARN_NON_LITERAL_NULL_CONVERSION = YES;
				CLANG_WARN_OBJC_IMPLICIT_RETAIN_SELF = YES;
				CLANG_WARN_OBJC_LITERAL_CONVERSION = YES;
				CLANG_WARN_OBJC_ROOT_CLASS = YES_ERROR;
				CLANG_WARN_RANGE_LOOP_ANALYSIS = YES;
				CLANG_WARN_STRICT_PROTOTYPES = YES;
				CLANG_WARN_SUSPICIOUS_MOVE = YES;
				CLANG_WARN_UNGUARDED_AVAILABILITY = YES_AGGRESSIVE;
				CLANG_WARN_UNREACHABLE_CODE = YES;
				CLANG_WARN__DUPLICATE_METHOD_MATCH = YES;
				COPY_PHASE_STRIP = NO;
				DEBUG_INFORMATION_FORMAT = "dwarf-with-dsym";
				ENABLE_NS_ASSERTIONS = NO;
				ENABLE_STRICT_OBJC_MSGSEND = YES;
				GCC_C_LANGUAGE_STANDARD = gnu11;
				GCC_NO_COMMON_BLOCKS = YES;
				GCC_WARN_64_TO_32_BIT_CONVERSION = YES;
				GCC_WARN_ABOUT_RETURN_TYPE = YES_ERROR;
				GCC_WARN_UNDECLARED_SELECTOR = YES;
				GCC_WARN_UNINITIALIZED_AUTOS = YES_AGGRESSIVE;
				GCC_WARN_UNUSED_FUNCTION = YES;
				GCC_WARN_UNUSED_VARIABLE = YES;
				IPHONEOS_DEPLOYMENT_TARGET = 13.4;
				MTL_ENABLE_DEBUG_INFO = NO;
				MTL_FAST_MATH = YES;
				SDKROOT = iphoneos;
				SWIFT_COMPILATION_MODE = wholemodule;
				SWIFT_OPTIMIZATION_LEVEL = "-O";
				VALIDATE_PRODUCT = YES;
			};
			name = Release;
		};
		92AAE97524388B7E00EC0611 /* Debug */ = {
			isa = XCBuildConfiguration;
			baseConfigurationReference = 5D0A0E39970A5A0049AAAA5F /* Pods-7 Days Challenge.debug.xcconfig */;
			buildSettings = {
				ASSETCATALOG_COMPILER_APPICON_NAME = AppIcon;
				CODE_SIGN_STYLE = Automatic;
				DEVELOPMENT_TEAM = JY65WKMSCH;
				INFOPLIST_FILE = "7 Days Challenge/Info.plist";
				IPHONEOS_DEPLOYMENT_TARGET = 13.1;
				LD_RUNPATH_SEARCH_PATHS = (
					"$(inherited)",
					"@executable_path/Frameworks",
				);
				PRODUCT_BUNDLE_IDENTIFIER = "AppleDevAcademyBinus.--Days-Challenge";
				PRODUCT_NAME = "$(TARGET_NAME)";
				SWIFT_VERSION = 5.0;
				TARGETED_DEVICE_FAMILY = 1;
			};
			name = Debug;
		};
		92AAE97624388B7E00EC0611 /* Release */ = {
			isa = XCBuildConfiguration;
			baseConfigurationReference = 1900C48DB9C1BE58437AAD2A /* Pods-7 Days Challenge.release.xcconfig */;
			buildSettings = {
				ASSETCATALOG_COMPILER_APPICON_NAME = AppIcon;
				CODE_SIGN_STYLE = Automatic;
				DEVELOPMENT_TEAM = JY65WKMSCH;
				INFOPLIST_FILE = "7 Days Challenge/Info.plist";
				IPHONEOS_DEPLOYMENT_TARGET = 13.1;
				LD_RUNPATH_SEARCH_PATHS = (
					"$(inherited)",
					"@executable_path/Frameworks",
				);
				PRODUCT_BUNDLE_IDENTIFIER = "AppleDevAcademyBinus.--Days-Challenge";
				PRODUCT_NAME = "$(TARGET_NAME)";
				SWIFT_VERSION = 5.0;
				TARGETED_DEVICE_FAMILY = 1;
			};
			name = Release;
		};
/* End XCBuildConfiguration section */

/* Begin XCConfigurationList section */
		92AAE95B24388B7C00EC0611 /* Build configuration list for PBXProject "7 Days Challenge" */ = {
			isa = XCConfigurationList;
			buildConfigurations = (
				92AAE97224388B7E00EC0611 /* Debug */,
				92AAE97324388B7E00EC0611 /* Release */,
			);
			defaultConfigurationIsVisible = 0;
			defaultConfigurationName = Release;
		};
		92AAE97424388B7E00EC0611 /* Build configuration list for PBXNativeTarget "7 Days Challenge" */ = {
			isa = XCConfigurationList;
			buildConfigurations = (
				92AAE97524388B7E00EC0611 /* Debug */,
				92AAE97624388B7E00EC0611 /* Release */,
			);
			defaultConfigurationIsVisible = 0;
			defaultConfigurationName = Release;
		};
/* End XCConfigurationList section */

/* Begin XCVersionGroup section */
		D7C7A8BD243DDB8000E154FD /* 7DaysChallenge.xcdatamodeld */ = {
			isa = XCVersionGroup;
			children = (
				D7C7A8BE243DDB8000E154FD /* 7DaysChallenge.xcdatamodel */,
			);
			currentVersion = D7C7A8BE243DDB8000E154FD /* 7DaysChallenge.xcdatamodel */;
			path = 7DaysChallenge.xcdatamodeld;
			sourceTree = "<group>";
			versionGroupType = wrapper.xcdatamodel;
		};
/* End XCVersionGroup section */
	};
	rootObject = 92AAE95824388B7C00EC0611 /* Project object */;
}
